
Microsoft Visual Studio Solution File, Format Version 12.00
# Visual Studio Version 16
VisualStudioVersion = 16.0.31005.135
MinimumVisualStudioVersion = 10.0.40219.1
Project("{9A19103F-16F7-4668-BE54-9A1E7A4F7556}") = "vMixPanelTray", "vMixPanelTray\vMixPanelTray.csproj", "{57E9090A-0F2A-49FD-9BFB-E2D397D050C3}"
EndProject
Project("{9A19103F-16F7-4668-BE54-9A1E7A4F7556}") = "vMixReplayTray", "vMixReplayTray\vMixReplayTray.csproj", "{C2A0948B-7ADB-483E-9EC9-65538CDDE4FD}"
EndProject
Global
	GlobalSection(SolutionConfigurationPlatforms) = preSolution
		Debug|Any CPU = Debug|Any CPU
		Release|Any CPU = Release|Any CPU
	EndGlobalSection
	GlobalSection(ProjectConfigurationPlatforms) = postSolution
		{57E9090A-0F2A-49FD-9BFB-E2D397D050C3}.Debug|Any CPU.ActiveCfg = Debug|Any CPU
		{57E9090A-0F2A-49FD-9BFB-E2D397D050C3}.Debug|Any CPU.Build.0 = Debug|Any CPU
		{57E9090A-0F2A-49FD-9BFB-E2D397D050C3}.Release|Any CPU.ActiveCfg = Release|Any CPU
		{57E9090A-0F2A-49FD-9BFB-E2D397D050C3}.Release|Any CPU.Build.0 = Release|Any CPU
		{C2A0948B-7ADB-483E-9EC9-65538CDDE4FD}.Debug|Any CPU.ActiveCfg = Debug|Any CPU
		{C2A0948B-7ADB-483E-9EC9-65538CDDE4FD}.Debug|Any CPU.Build.0 = Debug|Any CPU
		{C2A0948B-7ADB-483E-9EC9-65538CDDE4FD}.Release|Any CPU.ActiveCfg = Release|Any CPU
		{C2A0948B-7ADB-483E-9EC9-65538CDDE4FD}.Release|Any CPU.Build.0 = Release|Any CPU
	EndGlobalSection
	GlobalSection(SolutionProperties) = preSolution
		HideSolutionNode = FALSE
	EndGlobalSection
	GlobalSection(ExtensibilityGlobals) = postSolution
		SolutionGuid = {97A67E1C-D6BE-4BCF-A846-386506D710D8}
	EndGlobalSection
EndGlobal
